// !$*UTF8*$!
{
	archiveVersion = 1;
	classes = {
	};
	objectVersion = 48;
	objects = {

/* Begin PBXBuildFile section */
		00C289D1203DDA630064CC9C /* AppDelegate.swift in Sources */ = {isa = PBXBuildFile; fileRef = 00C289D0203DDA630064CC9C /* AppDelegate.swift */; };
		00C289D3203DDA630064CC9C /* ViewController.swift in Sources */ = {isa = PBXBuildFile; fileRef = 00C289D2203DDA630064CC9C /* ViewController.swift */; };
		00C289D6203DDA630064CC9C /* Main.storyboard in Resources */ = {isa = PBXBuildFile; fileRef = 00C289D4203DDA630064CC9C /* Main.storyboard */; };
		00C289D8203DDA630064CC9C /* Assets.xcassets in Resources */ = {isa = PBXBuildFile; fileRef = 00C289D7203DDA630064CC9C /* Assets.xcassets */; };
		00C289DB203DDA640064CC9C /* LaunchScreen.storyboard in Resources */ = {isa = PBXBuildFile; fileRef = 00C289D9203DDA640064CC9C /* LaunchScreen.storyboard */; };
		00C289E4203DDB300064CC9C /* Global.swift in Sources */ = {isa = PBXBuildFile; fileRef = 00C289E3203DDB2F0064CC9C /* Global.swift */; };
		00C289E7203DE0330064CC9C /* DBManager.swift in Sources */ = {isa = PBXBuildFile; fileRef = 00C289E6203DDB3C0064CC9C /* DBManager.swift */; };
		00C289E8203DE1D90064CC9C /* SampleDB.db in Resources */ = {isa = PBXBuildFile; fileRef = 00C289E2203DDB190064CC9C /* SampleDB.db */; };
		CB4EFC885C9B70C58DBDA0BE /* Pods_DatabaseManager.framework in Frameworks */ = {isa = PBXBuildFile; fileRef = 4507315123693E49ECDCF1B1 /* Pods_DatabaseManager.framework */; };
/* End PBXBuildFile section */

/* Begin PBXFileReference section */
		00C289CD203DDA630064CC9C /* DatabaseManager.app */ = {isa = PBXFileReference; explicitFileType = wrapper.application; includeInIndex = 0; path = DatabaseManager.app; sourceTree = BUILT_PRODUCTS_DIR; };
		00C289D0203DDA630064CC9C /* AppDelegate.swift */ = {isa = PBXFileReference; lastKnownFileType = sourcecode.swift; path = AppDelegate.swift; sourceTree = "<group>"; };
		00C289D2203DDA630064CC9C /* ViewController.swift */ = {isa = PBXFileReference; lastKnownFileType = sourcecode.swift; path = ViewController.swift; sourceTree = "<group>"; };
		00C289D5203DDA630064CC9C /* Base */ = {isa = PBXFileReference; lastKnownFileType = file.storyboard; name = Base; path = Base.lproj/Main.storyboard; sourceTree = "<group>"; };
		00C289D7203DDA630064CC9C /* Assets.xcassets */ = {isa = PBXFileReference; lastKnownFileType = folder.assetcatalog; path = Assets.xcassets; sourceTree = "<group>"; };
		00C289DA203DDA640064CC9C /* Base */ = {isa = PBXFileReference; lastKnownFileType = file.storyboard; name = Base; path = Base.lproj/LaunchScreen.storyboard; sourceTree = "<group>"; };
		00C289DC203DDA640064CC9C /* Info.plist */ = {isa = PBXFileReference; lastKnownFileType = text.plist.xml; path = Info.plist; sourceTree = "<group>"; };
		00C289E2203DDB190064CC9C /* SampleDB.db */ = {isa = PBXFileReference; lastKnownFileType = file; path = SampleDB.db; sourceTree = "<group>"; };
		00C289E3203DDB2F0064CC9C /* Global.swift */ = {isa = PBXFileReference; lastKnownFileType = sourcecode.swift; path = Global.swift; sourceTree = "<group>"; };
		00C289E6203DDB3C0064CC9C /* DBManager.swift */ = {isa = PBXFileReference; lastKnownFileType = sourcecode.swift; path = DBManager.swift; sourceTree = "<group>"; };
		434D524D09C387A076A92285 /* Pods-DatabaseManager.release.xcconfig */ = {isa = PBXFileReference; includeInIndex = 1; lastKnownFileType = text.xcconfig; name = "Pods-DatabaseManager.release.xcconfig"; path = "Pods/Target Support Files/Pods-DatabaseManager/Pods-DatabaseManager.release.xcconfig"; sourceTree = "<group>"; };
		4507315123693E49ECDCF1B1 /* Pods_DatabaseManager.framework */ = {isa = PBXFileReference; explicitFileType = wrapper.framework; includeInIndex = 0; path = Pods_DatabaseManager.framework; sourceTree = BUILT_PRODUCTS_DIR; };
		AD87253EC22A481B8B5BA37A /* Pods-DatabaseManager.debug.xcconfig */ = {isa = PBXFileReference; includeInIndex = 1; lastKnownFileType = text.xcconfig; name = "Pods-DatabaseManager.debug.xcconfig"; path = "Pods/Target Support Files/Pods-DatabaseManager/Pods-DatabaseManager.debug.xcconfig"; sourceTree = "<group>"; };
/* End PBXFileReference section */

/* Begin PBXFrameworksBuildPhase section */
		00C289CA203DDA630064CC9C /* Frameworks */ = {
			isa = PBXFrameworksBuildPhase;
			buildActionMask = 2147483647;
			files = (
				CB4EFC885C9B70C58DBDA0BE /* Pods_DatabaseManager.framework in Frameworks */,
			);
			runOnlyForDeploymentPostprocessing = 0;
		};
/* End PBXFrameworksBuildPhase section */

/* Begin PBXGroup section */
		00C289C4203DDA630064CC9C = {
			isa = PBXGroup;
			children = (
				00C289CF203DDA630064CC9C /* DatabaseManager */,
				00C289CE203DDA630064CC9C /* Products */,
				41FA398B4201BAFB687AD9F3 /* Pods */,
				4D7840E56986A0C214ED8142 /* Frameworks */,
			);
			sourceTree = "<group>";
		};
		00C289CE203DDA630064CC9C /* Products */ = {
			isa = PBXGroup;
			children = (
				00C289CD203DDA630064CC9C /* DatabaseManager.app */,
			);
			name = Products;
			sourceTree = "<group>";
		};
		00C289CF203DDA630064CC9C /* DatabaseManager */ = {
			isa = PBXGroup;
			children = (
				00C289E2203DDB190064CC9C /* SampleDB.db */,
				00C289E5203DDB3C0064CC9C /* Database */,
				00C289E3203DDB2F0064CC9C /* Global.swift */,
				00C289D0203DDA630064CC9C /* AppDelegate.swift */,
				00C289D2203DDA630064CC9C /* ViewController.swift */,
				00C289D4203DDA630064CC9C /* Main.storyboard */,
				00C289D7203DDA630064CC9C /* Assets.xcassets */,
				00C289D9203DDA640064CC9C /* LaunchScreen.storyboard */,
				00C289DC203DDA640064CC9C /* Info.plist */,
			);
			path = DatabaseManager;
			sourceTree = "<group>";
		};
		00C289E5203DDB3C0064CC9C /* Database */ = {
			isa = PBXGroup;
			children = (
				00C289E6203DDB3C0064CC9C /* DBManager.swift */,
			);
			path = Database;
			sourceTree = "<group>";
		};
		41FA398B4201BAFB687AD9F3 /* Pods */ = {
			isa = PBXGroup;
			children = (
				AD87253EC22A481B8B5BA37A /* Pods-DatabaseManager.debug.xcconfig */,
				434D524D09C387A076A92285 /* Pods-DatabaseManager.release.xcconfig */,
			);
			name = Pods;
			sourceTree = "<group>";
		};
		4D7840E56986A0C214ED8142 /* Frameworks */ = {
			isa = PBXGroup;
			children = (
				4507315123693E49ECDCF1B1 /* Pods_DatabaseManager.framework */,
			);
			name = Frameworks;
			sourceTree = "<group>";
		};
/* End PBXGroup section */

/* Begin PBXNativeTarget section */
		00C289CC203DDA630064CC9C /* DatabaseManager */ = {
			isa = PBXNativeTarget;
			buildConfigurationList = 00C289DF203DDA640064CC9C /* Build configuration list for PBXNativeTarget "DatabaseManager" */;
			buildPhases = (
				CD11D2766371967DE89D58D2 /* [CP] Check Pods Manifest.lock */,
				00C289C9203DDA630064CC9C /* Sources */,
				00C289CA203DDA630064CC9C /* Frameworks */,
				00C289CB203DDA630064CC9C /* Resources */,
				BB285A89344A432C6C5E5988 /* [CP] Embed Pods Frameworks */,
				04A078F4BE20738955980292 /* [CP] Copy Pods Resources */,
			);
			buildRules = (
			);
			dependencies = (
			);
			name = DatabaseManager;
			productName = DatabaseManager;
			productReference = 00C289CD203DDA630064CC9C /* DatabaseManager.app */;
			productType = "com.apple.product-type.application";
		};
/* End PBXNativeTarget section */

/* Begin PBXProject section */
		00C289C5203DDA630064CC9C /* Project object */ = {
			isa = PBXProject;
			attributes = {
				LastSwiftUpdateCheck = 0900;
				LastUpgradeCheck = 0900;
				ORGANIZATIONNAME = "Ilesh panchal";
				TargetAttributes = {
					00C289CC203DDA630064CC9C = {
						CreatedOnToolsVersion = 9.0;
						ProvisioningStyle = Automatic;
					};
				};
			};
			buildConfigurationList = 00C289C8203DDA630064CC9C /* Build configuration list for PBXProject "DatabaseManager" */;
			compatibilityVersion = "Xcode 8.0";
			developmentRegion = en;
			hasScannedForEncodings = 0;
			knownRegions = (
				en,
				Base,
			);
			mainGroup = 00C289C4203DDA630064CC9C;
			productRefGroup = 00C289CE203DDA630064CC9C /* Products */;
			projectDirPath = "";
			projectRoot = "";
			targets = (
				00C289CC203DDA630064CC9C /* DatabaseManager */,
			);
		};
/* End PBXProject section */

/* Begin PBXResourcesBuildPhase section */
		00C289CB203DDA630064CC9C /* Resources */ = {
			isa = PBXResourcesBuildPhase;
			buildActionMask = 2147483647;
			files = (
				00C289E8203DE1D90064CC9C /* SampleDB.db in Resources */,
				00C289DB203DDA640064CC9C /* LaunchScreen.storyboard in Resources */,
				00C289D8203DDA630064CC9C /* Assets.xcassets in Resources */,
				00C289D6203DDA630064CC9C /* Main.storyboard in Resources */,
			);
			runOnlyForDeploymentPostprocessing = 0;
		};
/* End PBXResourcesBuildPhase section */

/* Begin PBXShellScriptBuildPhase section */
		04A078F4BE20738955980292 /* [CP] Copy Pods Resources */ = {
			isa = PBXShellScriptBuildPhase;
			buildActionMask = 2147483647;
			files = (
			);
			inputPaths = (
			);
			name = "[CP] Copy Pods Resources";
			outputPaths = (
			);
			runOnlyForDeploymentPostprocessing = 0;
			shellPath = /bin/sh;
			shellScript = "\"${SRCROOT}/Pods/Target Support Files/Pods-DatabaseManager/Pods-DatabaseManager-resources.sh\"\n";
			showEnvVarsInLog = 0;
		};
		BB285A89344A432C6C5E5988 /* [CP] Embed Pods Frameworks */ = {
			isa = PBXShellScriptBuildPhase;
			buildActionMask = 2147483647;
			files = (
			);
			inputPaths = (
			);
			name = "[CP] Embed Pods Frameworks";
			outputPaths = (
			);
			runOnlyForDeploymentPostprocessing = 0;
			shellPath = /bin/sh;
			shellScript = "\"${SRCROOT}/Pods/Target Support Files/Pods-DatabaseManager/Pods-DatabaseManager-frameworks.sh\"\n";
			showEnvVarsInLog = 0;
		};
		CD11D2766371967DE89D58D2 /* [CP] Check Pods Manifest.lock */ = {
			isa = PBXShellScriptBuildPhase;
			buildActionMask = 2147483647;
			files = (
			);
			inputPaths = (
			);
			name = "[CP] Check Pods Manifest.lock";
			outputPaths = (
			);
			runOnlyForDeploymentPostprocessing = 0;
			shellPath = /bin/sh;
			shellScript = "diff \"${PODS_PODFILE_DIR_PATH}/Podfile.lock\" \"${PODS_ROOT}/Manifest.lock\" > /dev/null\nif [ $? != 0 ] ; then\n    # print error to STDERR\n    echo \"error: The sandbox is not in sync with the Podfile.lock. Run 'pod install' or update your CocoaPods installation.\" >&2\n    exit 1\nfi\n";
			showEnvVarsInLog = 0;
		};
/* End PBXShellScriptBuildPhase section */

/* Begin PBXSourcesBuildPhase section */
		00C289C9203DDA630064CC9C /* Sources */ = {
			isa = PBXSourcesBuildPhase;
			buildActionMask = 2147483647;
			files = (
				00C289E7203DE0330064CC9C /* DBManager.swift in Sources */,
				00C289D3203DDA630064CC9C /* ViewController.swift in Sources */,
				00C289D1203DDA630064CC9C /* AppDelegate.swift in Sources */,
				00C289E4203DDB300064CC9C /* Global.swift in Sources */,
			);
			runOnlyForDeploymentPostprocessing = 0;
		};
/* End PBXSourcesBuildPhase section */

/* Begin PBXVariantGroup section */
		00C289D4203DDA630064CC9C /* Main.storyboard */ = {
			isa = PBXVariantGroup;
			children = (
				00C289D5203DDA630064CC9C /* Base */,
			);
			name = Main.storyboard;
			sourceTree = "<group>";
		};
		00C289D9203DDA640064CC9C /* LaunchScreen.storyboard */ = {
			isa = PBXVariantGroup;
			children = (
				00C289DA203DDA640064CC9C /* Base */,
			);
			name = LaunchScreen.storyboard;
			sourceTree = "<group>";
		};
/* End PBXVariantGroup section */

/* Begin XCBuildConfiguration section */
		00C289DD203DDA640064CC9C /* Debug */ = {
			isa = XCBuildConfiguration;
			buildSettings = {
				ALWAYS_SEARCH_USER_PATHS = NO;
				CLANG_ANALYZER_NONNULL = YES;
				CLANG_ANALYZER_NUMBER_OBJECT_CONVERSION = YES_AGGRESSIVE;
				CLANG_CXX_LANGUAGE_STANDARD = "gnu++14";
				CLANG_CXX_LIBRARY = "libc++";
				CLANG_ENABLE_MODULES = YES;
				CLANG_ENABLE_OBJC_ARC = YES;
				CLANG_WARN_BLOCK_CAPTURE_AUTORELEASING = YES;
				CLANG_WARN_BOOL_CONVERSION = YES;
				CLANG_WARN_COMMA = YES;
				CLANG_WARN_CONSTANT_CONVERSION = YES;
				CLANG_WARN_DIRECT_OBJC_ISA_USAGE = YES_ERROR;
				CLANG_WARN_DOCUMENTATION_COMMENTS = YES;
				CLANG_WARN_EMPTY_BODY = YES;
				CLANG_WARN_ENUM_CONVERSION = YES;
				CLANG_WARN_INFINITE_RECURSION = YES;
				CLANG_WARN_INT_CONVERSION = YES;
				CLANG_WARN_NON_LITERAL_NULL_CONVERSION = YES;
				CLANG_WARN_OBJC_LITERAL_CONVERSION = YES;
				CLANG_WARN_OBJC_ROOT_CLASS = YES_ERROR;
				CLANG_WARN_RANGE_LOOP_ANALYSIS = YES;
				CLANG_WARN_STRICT_PROTOTYPES = YES;
				CLANG_WARN_SUSPICIOUS_MOVE = YES;
				CLANG_WARN_UNGUARDED_AVAILABILITY = YES_AGGRESSIVE;
				CLANG_WARN_UNREACHABLE_CODE = YES;
				CLANG_WARN__DUPLICATE_METHOD_MATCH = YES;
				CODE_SIGN_IDENTITY = "iPhone Developer";
				COPY_PHASE_STRIP = NO;
				DEBUG_INFORMATION_FORMAT = dwarf;
				ENABLE_STRICT_OBJC_MSGSEND = YES;
				ENABLE_TESTABILITY = YES;
				GCC_C_LANGUAGE_STANDARD = gnu11;
				GCC_DYNAMIC_NO_PIC = NO;
				GCC_NO_COMMON_BLOCKS = YES;
				GCC_OPTIMIZATION_LEVEL = 0;
				GCC_PREPROCESSOR_DEFINITIONS = (
					"DEBUG=1",
					"$(inherited)",
				);
				GCC_WARN_64_TO_32_BIT_CONVERSION = YES;
				GCC_WARN_ABOUT_RETURN_TYPE = YES_ERROR;
				GCC_WARN_UNDECLARED_SELECTOR = YES;
				GCC_WARN_UNINITIALIZED_AUTOS = YES_AGGRESSIVE;
				GCC_WARN_UNUSED_FUNCTION = YES;
				GCC_WARN_UNUSED_VARIABLE = YES;
				IPHONEOS_DEPLOYMENT_TARGET = 11.0;
				MTL_ENABLE_DEBUG_INFO = YES;
				ONLY_ACTIVE_ARCH = YES;
				SDKROOT = iphoneos;
				SWIFT_ACTIVE_COMPILATION_CONDITIONS = DEBUG;
				SWIFT_OPTIMIZATION_LEVEL = "-Onone";
			};
			name = Debug;
		};
		00C289DE203DDA640064CC9C /* Release */ = {
			isa = XCBuildConfiguration;
			buildSettings = {
				ALWAYS_SEARCH_USER_PATHS = NO;
				CLANG_ANALYZER_NONNULL = YES;
				CLANG_ANALYZER_NUMBER_OBJECT_CONVERSION = YES_AGGRESSIVE;
				CLANG_CXX_LANGUAGE_STANDARD = "gnu++14";
				CLANG_CXX_LIBRARY = "libc++";
				CLANG_ENABLE_MODULES = YES;
				CLANG_ENABLE_OBJC_ARC = YES;
				CLANG_WARN_BLOCK_CAPTURE_AUTORELEASING = YES;
				CLANG_WARN_BOOL_CONVERSION = YES;
				CLANG_WARN_COMMA = YES;
				CLANG_WARN_CONSTANT_CONVERSION = YES;
				CLANG_WARN_DIRECT_OBJC_ISA_USAGE = YES_ERROR;
				CLANG_WARN_DOCUMENTATION_COMMENTS = YES;
				CLANG_WARN_EMPTY_BODY = YES;
				CLANG_WARN_ENUM_CONVERSION = YES;
				CLANG_WARN_INFINITE_RECURSION = YES;
				CLANG_WARN_INT_CONVERSION = YES;
				CLANG_WARN_NON_LITERAL_NULL_CONVERSION = YES;
				CLANG_WARN_OBJC_LITERAL_CONVERSION = YES;
				CLANG_WARN_OBJC_ROOT_CLASS = YES_ERROR;
				CLANG_WARN_RANGE_LOOP_ANALYSIS = YES;
				CLANG_WARN_STRICT_PROTOTYPES = YES;
				CLANG_WARN_SUSPICIOUS_MOVE = YES;
				CLANG_WARN_UNGUARDED_AVAILABILITY = YES_AGGRESSIVE;
				CLANG_WARN_UNREACHABLE_CODE = YES;
				CLANG_WARN__DUPLICATE_METHOD_MATCH = YES;
				CODE_SIGN_IDENTITY = "iPhone Developer";
				COPY_PHASE_STRIP = NO;
				DEBUG_INFORMATION_FORMAT = "dwarf-with-dsym";
				ENABLE_NS_ASSERTIONS = NO;
				ENABLE_STRICT_OBJC_MSGSEND = YES;
				GCC_C_LANGUAGE_STANDARD = gnu11;
				GCC_NO_COMMON_BLOCKS = YES;
				GCC_WARN_64_TO_32_BIT_CONVERSION = YES;
				GCC_WARN_ABOUT_RETURN_TYPE = YES_ERROR;
				GCC_WARN_UNDECLARED_SELECTOR = YES;
				GCC_WARN_UNINITIALIZED_AUTOS = YES_AGGRESSIVE;
				GCC_WARN_UNUSED_FUNCTION = YES;
				GCC_WARN_UNUSED_VARIABLE = YES;
				IPHONEOS_DEPLOYMENT_TARGET = 11.0;
				MTL_ENABLE_DEBUG_INFO = NO;
				SDKROOT = iphoneos;
				SWIFT_OPTIMIZATION_LEVEL = "-Owholemodule";
				VALIDATE_PRODUCT = YES;
			};
			name = Release;
		};
		00C289E0203DDA640064CC9C /* Debug */ = {
			isa = XCBuildConfiguration;
			baseConfigurationReference = AD87253EC22A481B8B5BA37A /* Pods-DatabaseManager.debug.xcconfig */;
			buildSettings = {
				ASSETCATALOG_COMPILER_APPICON_NAME = AppIcon;
				CODE_SIGN_STYLE = Automatic;
				DEVELOPMENT_TEAM = T52ET2NCBS;
				INFOPLIST_FILE = DatabaseManager/Info.plist;
				LD_RUNPATH_SEARCH_PATHS = "$(inherited) @executable_path/Frameworks";
				PRODUCT_BUNDLE_IDENTIFIER = com.ilesh.panchal.location.DatabaseManager;
				PRODUCT_NAME = "$(TARGET_NAME)";
				SWIFT_VERSION = 4.0;
				TARGETED_DEVICE_FAMILY = "1,2";
			};
			name = Debug;
		};
		00C289E1203DDA640064CC9C /* Release */ = {
			isa = XCBuildConfiguration;
			baseConfigurationReference = 434D524D09C387A076A92285 /* Pods-DatabaseManager.release.xcconfig */;
			buildSettings = {
				ASSETCATALOG_COMPILER_APPICON_NAME = AppIcon;
				CODE_SIGN_STYLE = Automatic;
				DEVELOPMENT_TEAM = T52ET2NCBS;
				INFOPLIST_FILE = DatabaseManager/Info.plist;
				LD_RUNPATH_SEARCH_PATHS = "$(inherited) @executable_path/Frameworks";
				PRODUCT_BUNDLE_IDENTIFIER = com.ilesh.panchal.location.DatabaseManager;
				PRODUCT_NAME = "$(TARGET_NAME)";
				SWIFT_VERSION = 4.0;
				TARGETED_DEVICE_FAMILY = "1,2";
			};
			name = Release;
		};
/* End XCBuildConfiguration section */

/* Begin XCConfigurationList section */
		00C289C8203DDA630064CC9C /* Build configuration list for PBXProject "DatabaseManager" */ = {
			isa = XCConfigurationList;
			buildConfigurations = (
				00C289DD203DDA640064CC9C /* Debug */,
				00C289DE203DDA640064CC9C /* Release */,
			);
			defaultConfigurationIsVisible = 0;
			defaultConfigurationName = Release;
		};
		00C289DF203DDA640064CC9C /* Build configuration list for PBXNativeTarget "DatabaseManager" */ = {
			isa = XCConfigurationList;
			buildConfigurations = (
				00C289E0203DDA640064CC9C /* Debug */,
				00C289E1203DDA640064CC9C /* Release */,
			);
			defaultConfigurationIsVisible = 0;
			defaultConfigurationName = Release;
		};
/* End XCConfigurationList section */
	};
	rootObject = 00C289C5203DDA630064CC9C /* Project object */;
}
